
Microsoft Visual Studio Solution File, Format Version 12.00
# Visual Studio 2012
Project("{FAE04EC0-301F-11D3-BF4B-00C04F79EFBC}") = "som3-classes-xposqltriggers", "som3-classes-xposqltriggers.csproj", "{AF603DE1-C776-49E7-A2C4-ADC5EC74CAD3}"
EndProject
Global
	GlobalSection(SolutionConfigurationPlatforms) = preSolution
		Debug|Any CPU = Debug|Any CPU
		Release|Any CPU = Release|Any CPU
	EndGlobalSection
	GlobalSection(ProjectConfigurationPlatforms) = postSolution
		{AF603DE1-C776-49E7-A2C4-ADC5EC74CAD3}.Debug|Any CPU.ActiveCfg = Debug|Any CPU
		{AF603DE1-C776-49E7-A2C4-ADC5EC74CAD3}.Debug|Any CPU.Build.0 = Debug|Any CPU
		{AF603DE1-C776-49E7-A2C4-ADC5EC74CAD3}.Release|Any CPU.ActiveCfg = Release|Any CPU
		{AF603DE1-C776-49E7-A2C4-ADC5EC74CAD3}.Release|Any CPU.Build.0 = Release|Any CPU
	EndGlobalSection
	GlobalSection(SolutionProperties) = preSolution
		HideSolutionNode = FALSE
	EndGlobalSection
EndGlobal
